// !$*UTF8*$!
{
	archiveVersion = 1;
	classes = {
	};
	objectVersion = 46;
	objects = {

/* Begin PBXBuildFile section */
		0B39CB0F1D0F5376009CCA40 /* LandingScreenViewController.swift in Sources */ = {isa = PBXBuildFile; fileRef = 0B39CB0D1D0F5376009CCA40 /* LandingScreenViewController.swift */; };
		0B39CB101D0F5376009CCA40 /* LandingScreenViewController.xib in Resources */ = {isa = PBXBuildFile; fileRef = 0B39CB0E1D0F5376009CCA40 /* LandingScreenViewController.xib */; };
		0B39CB131D0F55B3009CCA40 /* LoginViewController.swift in Sources */ = {isa = PBXBuildFile; fileRef = 0B39CB111D0F55B3009CCA40 /* LoginViewController.swift */; };
		0B39CB141D0F55B3009CCA40 /* LoginViewController.xib in Resources */ = {isa = PBXBuildFile; fileRef = 0B39CB121D0F55B3009CCA40 /* LoginViewController.xib */; };
		0B39CB171D0F585D009CCA40 /* RegisterViewController.swift in Sources */ = {isa = PBXBuildFile; fileRef = 0B39CB151D0F585D009CCA40 /* RegisterViewController.swift */; };
		0B39CB181D0F585D009CCA40 /* RegisterViewController.xib in Resources */ = {isa = PBXBuildFile; fileRef = 0B39CB161D0F585D009CCA40 /* RegisterViewController.xib */; };
		0B52A53F1D0851B700CAD0EB /* cutomPlaceTableViewCell.swift in Sources */ = {isa = PBXBuildFile; fileRef = 0B52A53D1D0851B700CAD0EB /* cutomPlaceTableViewCell.swift */; };
		0B52A5431D08522700CAD0EB /* star_pink.png in Resources */ = {isa = PBXBuildFile; fileRef = 0B52A5421D08522700CAD0EB /* star_pink.png */; };
		0B52A5451D08523400CAD0EB /* star_black.png in Resources */ = {isa = PBXBuildFile; fileRef = 0B52A5441D08523400CAD0EB /* star_black.png */; };
		0B52A5481D08AEEC00CAD0EB /* UIExtensions.swift in Sources */ = {isa = PBXBuildFile; fileRef = 0B52A5471D08AEEC00CAD0EB /* UIExtensions.swift */; };
		0BC086881D0848F500E51880 /* AppDelegate.swift in Sources */ = {isa = PBXBuildFile; fileRef = 0BC086871D0848F500E51880 /* AppDelegate.swift */; };
		0BC0868F1D0848F600E51880 /* Assets.xcassets in Resources */ = {isa = PBXBuildFile; fileRef = 0BC0868E1D0848F600E51880 /* Assets.xcassets */; };
		0BC086921D0848F600E51880 /* LaunchScreen.storyboard in Resources */ = {isa = PBXBuildFile; fileRef = 0BC086901D0848F600E51880 /* LaunchScreen.storyboard */; };
		0BC0869F1D08499500E51880 /* MapViewController.swift in Sources */ = {isa = PBXBuildFile; fileRef = 0BC0869D1D08499500E51880 /* MapViewController.swift */; };
		0BC086A01D08499500E51880 /* MapViewController.xib in Resources */ = {isa = PBXBuildFile; fileRef = 0BC0869E1D08499500E51880 /* MapViewController.xib */; };
		0BC086A21D0849A700E51880 /* MapKit.framework in Frameworks */ = {isa = PBXBuildFile; fileRef = 0BC086A11D0849A700E51880 /* MapKit.framework */; };
		0BC086A61D084C9800E51880 /* Place.swift in Sources */ = {isa = PBXBuildFile; fileRef = 0BC086A51D084C9800E51880 /* Place.swift */; };
/* End PBXBuildFile section */

/* Begin PBXFileReference section */
		0B39CB0D1D0F5376009CCA40 /* LandingScreenViewController.swift */ = {isa = PBXFileReference; fileEncoding = 4; lastKnownFileType = sourcecode.swift; path = LandingScreenViewController.swift; sourceTree = "<group>"; };
		0B39CB0E1D0F5376009CCA40 /* LandingScreenViewController.xib */ = {isa = PBXFileReference; fileEncoding = 4; lastKnownFileType = file.xib; path = LandingScreenViewController.xib; sourceTree = "<group>"; };
		0B39CB111D0F55B3009CCA40 /* LoginViewController.swift */ = {isa = PBXFileReference; fileEncoding = 4; lastKnownFileType = sourcecode.swift; path = LoginViewController.swift; sourceTree = "<group>"; };
		0B39CB121D0F55B3009CCA40 /* LoginViewController.xib */ = {isa = PBXFileReference; fileEncoding = 4; lastKnownFileType = file.xib; path = LoginViewController.xib; sourceTree = "<group>"; };
		0B39CB151D0F585D009CCA40 /* RegisterViewController.swift */ = {isa = PBXFileReference; fileEncoding = 4; lastKnownFileType = sourcecode.swift; path = RegisterViewController.swift; sourceTree = "<group>"; };
		0B39CB161D0F585D009CCA40 /* RegisterViewController.xib */ = {isa = PBXFileReference; fileEncoding = 4; lastKnownFileType = file.xib; path = RegisterViewController.xib; sourceTree = "<group>"; };
		0B52A53D1D0851B700CAD0EB /* cutomPlaceTableViewCell.swift */ = {isa = PBXFileReference; fileEncoding = 4; lastKnownFileType = sourcecode.swift; path = cutomPlaceTableViewCell.swift; sourceTree = "<group>"; };
		0B52A5421D08522700CAD0EB /* star_pink.png */ = {isa = PBXFileReference; lastKnownFileType = image.png; name = star_pink.png; path = ../../Downloads/star_pink.png; sourceTree = "<group>"; };
		0B52A5441D08523400CAD0EB /* star_black.png */ = {isa = PBXFileReference; lastKnownFileType = image.png; name = star_black.png; path = ../../Downloads/star_black.png; sourceTree = "<group>"; };
		0B52A5471D08AEEC00CAD0EB /* UIExtensions.swift */ = {isa = PBXFileReference; fileEncoding = 4; lastKnownFileType = sourcecode.swift; path = UIExtensions.swift; sourceTree = "<group>"; };
		0BC086841D0848F500E51880 /* Xplore.app */ = {isa = PBXFileReference; explicitFileType = wrapper.application; includeInIndex = 0; path = Xplore.app; sourceTree = BUILT_PRODUCTS_DIR; };
		0BC086871D0848F500E51880 /* AppDelegate.swift */ = {isa = PBXFileReference; lastKnownFileType = sourcecode.swift; path = AppDelegate.swift; sourceTree = "<group>"; };
		0BC0868E1D0848F600E51880 /* Assets.xcassets */ = {isa = PBXFileReference; lastKnownFileType = folder.assetcatalog; path = Assets.xcassets; sourceTree = "<group>"; };
		0BC086911D0848F600E51880 /* Base */ = {isa = PBXFileReference; lastKnownFileType = file.storyboard; name = Base; path = Base.lproj/LaunchScreen.storyboard; sourceTree = "<group>"; };
		0BC086931D0848F600E51880 /* Info.plist */ = {isa = PBXFileReference; lastKnownFileType = text.plist.xml; path = Info.plist; sourceTree = "<group>"; };
		0BC0869D1D08499500E51880 /* MapViewController.swift */ = {isa = PBXFileReference; fileEncoding = 4; lastKnownFileType = sourcecode.swift; path = MapViewController.swift; sourceTree = "<group>"; };
		0BC0869E1D08499500E51880 /* MapViewController.xib */ = {isa = PBXFileReference; fileEncoding = 4; lastKnownFileType = file.xib; path = MapViewController.xib; sourceTree = "<group>"; };
		0BC086A11D0849A700E51880 /* MapKit.framework */ = {isa = PBXFileReference; lastKnownFileType = wrapper.framework; name = MapKit.framework; path = System/Library/Frameworks/MapKit.framework; sourceTree = SDKROOT; };
		0BC086A51D084C9800E51880 /* Place.swift */ = {isa = PBXFileReference; fileEncoding = 4; lastKnownFileType = sourcecode.swift; path = Place.swift; sourceTree = "<group>"; };
/* End PBXFileReference section */

/* Begin PBXFrameworksBuildPhase section */
		0BC086811D0848F500E51880 /* Frameworks */ = {
			isa = PBXFrameworksBuildPhase;
			buildActionMask = 2147483647;
			files = (
				0BC086A21D0849A700E51880 /* MapKit.framework in Frameworks */,
			);
			runOnlyForDeploymentPostprocessing = 0;
		};
/* End PBXFrameworksBuildPhase section */

/* Begin PBXGroup section */
		0B39CB0C1D0F5308009CCA40 /* Onboarding */ = {
			isa = PBXGroup;
			children = (
				0B39CB0D1D0F5376009CCA40 /* LandingScreenViewController.swift */,
				0B39CB0E1D0F5376009CCA40 /* LandingScreenViewController.xib */,
				0B39CB111D0F55B3009CCA40 /* LoginViewController.swift */,
				0B39CB121D0F55B3009CCA40 /* LoginViewController.xib */,
				0B39CB151D0F585D009CCA40 /* RegisterViewController.swift */,
				0B39CB161D0F585D009CCA40 /* RegisterViewController.xib */,
			);
			name = Onboarding;
			sourceTree = "<group>";
		};
		0B52A53C1D08517E00CAD0EB /* CustomViewCell */ = {
			isa = PBXGroup;
			children = (
				0B52A53D1D0851B700CAD0EB /* cutomPlaceTableViewCell.swift */,
			);
			name = CustomViewCell;
			sourceTree = "<group>";
		};
		0B52A5411D0851DC00CAD0EB /* images */ = {
			isa = PBXGroup;
			children = (
				0B52A5421D08522700CAD0EB /* star_pink.png */,
				0B52A5441D08523400CAD0EB /* star_black.png */,
			);
			name = images;
			sourceTree = "<group>";
		};
		0B52A5461D08AED400CAD0EB /* Extensions */ = {
			isa = PBXGroup;
			children = (
				0B52A5471D08AEEC00CAD0EB /* UIExtensions.swift */,
			);
			name = Extensions;
			sourceTree = "<group>";
		};
		0BC0867B1D0848F500E51880 = {
			isa = PBXGroup;
			children = (
				0B39CB0C1D0F5308009CCA40 /* Onboarding */,
				0B52A5461D08AED400CAD0EB /* Extensions */,
				0B52A5411D0851DC00CAD0EB /* images */,
				0B52A53C1D08517E00CAD0EB /* CustomViewCell */,
				0BC086A41D084C8500E51880 /* Models */,
				0BC086A31D084C7000E51880 /* Map */,
				0BC086A11D0849A700E51880 /* MapKit.framework */,
				0BC086861D0848F500E51880 /* Xplore */,
				0BC086851D0848F500E51880 /* Products */,
			);
			sourceTree = "<group>";
		};
		0BC086851D0848F500E51880 /* Products */ = {
			isa = PBXGroup;
			children = (
				0BC086841D0848F500E51880 /* Xplore.app */,
			);
			name = Products;
			sourceTree = "<group>";
		};
		0BC086861D0848F500E51880 /* Xplore */ = {
			isa = PBXGroup;
			children = (
				0BC086871D0848F500E51880 /* AppDelegate.swift */,
				0BC0868E1D0848F600E51880 /* Assets.xcassets */,
				0BC086901D0848F600E51880 /* LaunchScreen.storyboard */,
				0BC086931D0848F600E51880 /* Info.plist */,
			);
			path = Xplore;
			sourceTree = "<group>";
		};
		0BC086A31D084C7000E51880 /* Map */ = {
			isa = PBXGroup;
			children = (
				0BC0869D1D08499500E51880 /* MapViewController.swift */,
				0BC0869E1D08499500E51880 /* MapViewController.xib */,
			);
			name = Map;
			sourceTree = "<group>";
		};
		0BC086A41D084C8500E51880 /* Models */ = {
			isa = PBXGroup;
			children = (
				0BC086A51D084C9800E51880 /* Place.swift */,
			);
			name = Models;
			sourceTree = "<group>";
		};
/* End PBXGroup section */

/* Begin PBXNativeTarget section */
		0BC086831D0848F500E51880 /* Xplore */ = {
			isa = PBXNativeTarget;
			buildConfigurationList = 0BC086961D0848F600E51880 /* Build configuration list for PBXNativeTarget "Xplore" */;
			buildPhases = (
				0BC086801D0848F500E51880 /* Sources */,
				0BC086811D0848F500E51880 /* Frameworks */,
				0BC086821D0848F500E51880 /* Resources */,
			);
			buildRules = (
			);
			dependencies = (
			);
			name = Xplore;
			productName = Xplore;
			productReference = 0BC086841D0848F500E51880 /* Xplore.app */;
			productType = "com.apple.product-type.application";
		};
/* End PBXNativeTarget section */

/* Begin PBXProject section */
		0BC0867C1D0848F500E51880 /* Project object */ = {
			isa = PBXProject;
			attributes = {
				LastSwiftUpdateCheck = 0730;
				LastUpgradeCheck = 0730;
				ORGANIZATIONNAME = "Abdulghafar Al Tair";
				TargetAttributes = {
					0BC086831D0848F500E51880 = {
						CreatedOnToolsVersion = 7.3.1;
						DevelopmentTeam = UQENDZ9K8Y;
						SystemCapabilities = {
							com.apple.Maps.iOS = {
								enabled = 1;
							};
						};
					};
				};
			};
			buildConfigurationList = 0BC0867F1D0848F500E51880 /* Build configuration list for PBXProject "Xplore" */;
			compatibilityVersion = "Xcode 3.2";
			developmentRegion = English;
			hasScannedForEncodings = 0;
			knownRegions = (
				en,
				Base,
			);
			mainGroup = 0BC0867B1D0848F500E51880;
			productRefGroup = 0BC086851D0848F500E51880 /* Products */;
			projectDirPath = "";
			projectRoot = "";
			targets = (
				0BC086831D0848F500E51880 /* Xplore */,
			);
		};
/* End PBXProject section */

/* Begin PBXResourcesBuildPhase section */
		0BC086821D0848F500E51880 /* Resources */ = {
			isa = PBXResourcesBuildPhase;
			buildActionMask = 2147483647;
			files = (
				0BC086921D0848F600E51880 /* LaunchScreen.storyboard in Resources */,
				0B52A5431D08522700CAD0EB /* star_pink.png in Resources */,
				0B52A5451D08523400CAD0EB /* star_black.png in Resources */,
				0BC086A01D08499500E51880 /* MapViewController.xib in Resources */,
				0B39CB101D0F5376009CCA40 /* LandingScreenViewController.xib in Resources */,
				0B39CB141D0F55B3009CCA40 /* LoginViewController.xib in Resources */,
				0BC0868F1D0848F600E51880 /* Assets.xcassets in Resources */,
				0B39CB181D0F585D009CCA40 /* RegisterViewController.xib in Resources */,
			);
			runOnlyForDeploymentPostprocessing = 0;
		};
/* End PBXResourcesBuildPhase section */

/* Begin PBXSourcesBuildPhase section */
		0BC086801D0848F500E51880 /* Sources */ = {
			isa = PBXSourcesBuildPhase;
			buildActionMask = 2147483647;
			files = (
				0B39CB131D0F55B3009CCA40 /* LoginViewController.swift in Sources */,
				0B39CB0F1D0F5376009CCA40 /* LandingScreenViewController.swift in Sources */,
				0B52A5481D08AEEC00CAD0EB /* UIExtensions.swift in Sources */,
				0B39CB171D0F585D009CCA40 /* RegisterViewController.swift in Sources */,
				0B52A53F1D0851B700CAD0EB /* cutomPlaceTableViewCell.swift in Sources */,
				0BC086A61D084C9800E51880 /* Place.swift in Sources */,
				0BC086881D0848F500E51880 /* AppDelegate.swift in Sources */,
				0BC0869F1D08499500E51880 /* MapViewController.swift in Sources */,
			);
			runOnlyForDeploymentPostprocessing = 0;
		};
/* End PBXSourcesBuildPhase section */

/* Begin PBXVariantGroup section */
		0BC086901D0848F600E51880 /* LaunchScreen.storyboard */ = {
			isa = PBXVariantGroup;
			children = (
				0BC086911D0848F600E51880 /* Base */,
			);
			name = LaunchScreen.storyboard;
			sourceTree = "<group>";
		};
/* End PBXVariantGroup section */

/* Begin XCBuildConfiguration section */
		0BC086941D0848F600E51880 /* Debug */ = {
			isa = XCBuildConfiguration;
			buildSettings = {
				ALWAYS_SEARCH_USER_PATHS = NO;
				CLANG_ANALYZER_NONNULL = YES;
				CLANG_CXX_LANGUAGE_STANDARD = "gnu++0x";
				CLANG_CXX_LIBRARY = "libc++";
				CLANG_ENABLE_MODULES = YES;
				CLANG_ENABLE_OBJC_ARC = YES;
				CLANG_WARN_BOOL_CONVERSION = YES;
				CLANG_WARN_CONSTANT_CONVERSION = YES;
				CLANG_WARN_DIRECT_OBJC_ISA_USAGE = YES_ERROR;
				CLANG_WARN_EMPTY_BODY = YES;
				CLANG_WARN_ENUM_CONVERSION = YES;
				CLANG_WARN_INT_CONVERSION = YES;
				CLANG_WARN_OBJC_ROOT_CLASS = YES_ERROR;
				CLANG_WARN_UNREACHABLE_CODE = YES;
				CLANG_WARN__DUPLICATE_METHOD_MATCH = YES;
				"CODE_SIGN_IDENTITY[sdk=iphoneos*]" = "iPhone Developer";
				COPY_PHASE_STRIP = NO;
				DEBUG_INFORMATION_FORMAT = dwarf;
				ENABLE_STRICT_OBJC_MSGSEND = YES;
				ENABLE_TESTABILITY = YES;
				GCC_C_LANGUAGE_STANDARD = gnu99;
				GCC_DYNAMIC_NO_PIC = NO;
				GCC_NO_COMMON_BLOCKS = YES;
				GCC_OPTIMIZATION_LEVEL = 0;
				GCC_PREPROCESSOR_DEFINITIONS = (
					"DEBUG=1",
					"$(inherited)",
				);
				GCC_WARN_64_TO_32_BIT_CONVERSION = YES;
				GCC_WARN_ABOUT_RETURN_TYPE = YES_ERROR;
				GCC_WARN_UNDECLARED_SELECTOR = YES;
				GCC_WARN_UNINITIALIZED_AUTOS = YES_AGGRESSIVE;
				GCC_WARN_UNUSED_FUNCTION = YES;
				GCC_WARN_UNUSED_VARIABLE = YES;
				IPHONEOS_DEPLOYMENT_TARGET = 9.3;
				MTL_ENABLE_DEBUG_INFO = YES;
				ONLY_ACTIVE_ARCH = YES;
				SDKROOT = iphoneos;
				SWIFT_OPTIMIZATION_LEVEL = "-Onone";
			};
			name = Debug;
		};
		0BC086951D0848F600E51880 /* Release */ = {
			isa = XCBuildConfiguration;
			buildSettings = {
				ALWAYS_SEARCH_USER_PATHS = NO;
				CLANG_ANALYZER_NONNULL = YES;
				CLANG_CXX_LANGUAGE_STANDARD = "gnu++0x";
				CLANG_CXX_LIBRARY = "libc++";
				CLANG_ENABLE_MODULES = YES;
				CLANG_ENABLE_OBJC_ARC = YES;
				CLANG_WARN_BOOL_CONVERSION = YES;
				CLANG_WARN_CONSTANT_CONVERSION = YES;
				CLANG_WARN_DIRECT_OBJC_ISA_USAGE = YES_ERROR;
				CLANG_WARN_EMPTY_BODY = YES;
				CLANG_WARN_ENUM_CONVERSION = YES;
				CLANG_WARN_INT_CONVERSION = YES;
				CLANG_WARN_OBJC_ROOT_CLASS = YES_ERROR;
				CLANG_WARN_UNREACHABLE_CODE = YES;
				CLANG_WARN__DUPLICATE_METHOD_MATCH = YES;
				"CODE_SIGN_IDENTITY[sdk=iphoneos*]" = "iPhone Developer";
				COPY_PHASE_STRIP = NO;
				DEBUG_INFORMATION_FORMAT = "dwarf-with-dsym";
				ENABLE_NS_ASSERTIONS = NO;
				ENABLE_STRICT_OBJC_MSGSEND = YES;
				GCC_C_LANGUAGE_STANDARD = gnu99;
				GCC_NO_COMMON_BLOCKS = YES;
				GCC_WARN_64_TO_32_BIT_CONVERSION = YES;
				GCC_WARN_ABOUT_RETURN_TYPE = YES_ERROR;
				GCC_WARN_UNDECLARED_SELECTOR = YES;
				GCC_WARN_UNINITIALIZED_AUTOS = YES_AGGRESSIVE;
				GCC_WARN_UNUSED_FUNCTION = YES;
				GCC_WARN_UNUSED_VARIABLE = YES;
				IPHONEOS_DEPLOYMENT_TARGET = 9.3;
				MTL_ENABLE_DEBUG_INFO = NO;
				SDKROOT = iphoneos;
				VALIDATE_PRODUCT = YES;
			};
			name = Release;
		};
		0BC086971D0848F600E51880 /* Debug */ = {
			isa = XCBuildConfiguration;
			buildSettings = {
				ASSETCATALOG_COMPILER_APPICON_NAME = AppIcon;
				INFOPLIST_FILE = Xplore/Info.plist;
				LD_RUNPATH_SEARCH_PATHS = "$(inherited) @executable_path/Frameworks";
				PRODUCT_BUNDLE_IDENTIFIER = com.Bido.Xplore;
				PRODUCT_NAME = "$(TARGET_NAME)";
			};
			name = Debug;
		};
		0BC086981D0848F600E51880 /* Release */ = {
			isa = XCBuildConfiguration;
			buildSettings = {
				ASSETCATALOG_COMPILER_APPICON_NAME = AppIcon;
				INFOPLIST_FILE = Xplore/Info.plist;
				LD_RUNPATH_SEARCH_PATHS = "$(inherited) @executable_path/Frameworks";
				PRODUCT_BUNDLE_IDENTIFIER = com.Bido.Xplore;
				PRODUCT_NAME = "$(TARGET_NAME)";
			};
			name = Release;
		};
/* End XCBuildConfiguration section */

/* Begin XCConfigurationList section */
		0BC0867F1D0848F500E51880 /* Build configuration list for PBXProject "Xplore" */ = {
			isa = XCConfigurationList;
			buildConfigurations = (
				0BC086941D0848F600E51880 /* Debug */,
				0BC086951D0848F600E51880 /* Release */,
			);
			defaultConfigurationIsVisible = 0;
			defaultConfigurationName = Release;
		};
		0BC086961D0848F600E51880 /* Build configuration list for PBXNativeTarget "Xplore" */ = {
			isa = XCConfigurationList;
			buildConfigurations = (
				0BC086971D0848F600E51880 /* Debug */,
				0BC086981D0848F600E51880 /* Release */,
			);
			defaultConfigurationIsVisible = 0;
			defaultConfigurationName = Release;
		};
/* End XCConfigurationList section */
	};
	rootObject = 0BC0867C1D0848F500E51880 /* Project object */;
}
